{
  "version": 4,
  "terraform_version": "1.4.6",
  "serial": 57,
  "lineage": "fd4ebdb1-d20e-af8d-041b-5239a7a54f5b",
  "outputs": {},
  "resources": [
    {
      "mode": "managed",
      "type": "google_compute_address",
      "name": "kafka-controller",
      "provider": "provider[\"registry.terraform.io/hashicorp/google\"]",
      "instances": [
        {
          "index_key": 0,
          "schema_version": 0,
          "attributes": {
            "address": "35.202.211.8",
            "address_type": "EXTERNAL",
            "creation_timestamp": "2023-05-11T21:03:04.799-07:00",
            "description": "",
            "id": "projects/sonic-totem-383508/regions/us-central1/addresses/kafka-controller-1",
            "name": "kafka-controller-1",
            "network": "",
            "network_tier": "PREMIUM",
            "prefix_length": 0,
            "project": "sonic-totem-383508",
            "purpose": "",
            "region": "us-central1",
            "self_link": "https://www.googleapis.com/compute/v1/projects/sonic-totem-383508/regions/us-central1/addresses/kafka-controller-1",
            "subnetwork": "",
            "timeouts": null,
            "users": []
          },
          "sensitive_attributes": [],
          "private": "eyJlMmJmYjczMC1lY2FhLTExZTYtOGY4OC0zNDM2M2JjN2M0YzAiOnsiY3JlYXRlIjoxMjAwMDAwMDAwMDAwLCJkZWxldGUiOjEyMDAwMDAwMDAwMDB9fQ=="
        },
        {
          "index_key": 1,
          "schema_version": 0,
          "attributes": {
            "address": "35.223.115.102",
            "address_type": "EXTERNAL",
            "creation_timestamp": "2023-05-11T21:03:04.791-07:00",
            "description": "",
            "id": "projects/sonic-totem-383508/regions/us-central1/addresses/kafka-controller-2",
            "name": "kafka-controller-2",
            "network": "",
            "network_tier": "PREMIUM",
            "prefix_length": 0,
            "project": "sonic-totem-383508",
            "purpose": "",
            "region": "us-central1",
            "self_link": "https://www.googleapis.com/compute/v1/projects/sonic-totem-383508/regions/us-central1/addresses/kafka-controller-2",
            "subnetwork": "",
            "timeouts": null,
            "users": []
          },
          "sensitive_attributes": [],
          "private": "eyJlMmJmYjczMC1lY2FhLTExZTYtOGY4OC0zNDM2M2JjN2M0YzAiOnsiY3JlYXRlIjoxMjAwMDAwMDAwMDAwLCJkZWxldGUiOjEyMDAwMDAwMDAwMDB9fQ=="
        },
        {
          "index_key": 2,
          "schema_version": 0,
          "attributes": {
            "address": "34.27.173.141",
            "address_type": "EXTERNAL",
            "creation_timestamp": "2023-05-11T21:03:04.806-07:00",
            "description": "",
            "id": "projects/sonic-totem-383508/regions/us-central1/addresses/kafka-controller-3",
            "name": "kafka-controller-3",
            "network": "",
            "network_tier": "PREMIUM",
            "prefix_length": 0,
            "project": "sonic-totem-383508",
            "purpose": "",
            "region": "us-central1",
            "self_link": "https://www.googleapis.com/compute/v1/projects/sonic-totem-383508/regions/us-central1/addresses/kafka-controller-3",
            "subnetwork": "",
            "timeouts": null,
            "users": []
          },
          "sensitive_attributes": [],
          "private": "eyJlMmJmYjczMC1lY2FhLTExZTYtOGY4OC0zNDM2M2JjN2M0YzAiOnsiY3JlYXRlIjoxMjAwMDAwMDAwMDAwLCJkZWxldGUiOjEyMDAwMDAwMDAwMDB9fQ=="
        }
      ]
    },
    {
      "mode": "managed",
      "type": "google_compute_instance",
      "name": "kafka-kraft-3servers-v1",
      "provider": "provider[\"registry.terraform.io/hashicorp/google\"]",
      "instances": [
        {
          "index_key": 0,
          "schema_version": 6,
          "attributes": {
            "advanced_machine_features": [],
            "allow_stopping_for_update": null,
            "attached_disk": [],
            "boot_disk": [
              {
                "auto_delete": false,
                "device_name": "kafka-kraft-3servers-v1-1",
                "disk_encryption_key_raw": "",
                "disk_encryption_key_sha256": "",
                "initialize_params": [
                  {
                    "image": "https://www.googleapis.com/compute/v1/projects/debian-cloud/global/images/debian-11-bullseye-v20230509",
                    "labels": {},
                    "size": 10,
                    "type": "pd-balanced"
                  }
                ],
                "kms_key_self_link": "",
                "mode": "READ_WRITE",
                "source": "https://www.googleapis.com/compute/v1/projects/sonic-totem-383508/zones/us-central1-a/disks/kafka-kraft-3servers-v1-1"
              }
            ],
            "can_ip_forward": false,
            "confidential_instance_config": [],
            "cpu_platform": "Intel Haswell",
            "current_status": "RUNNING",
            "deletion_protection": false,
            "description": "",
            "desired_status": null,
            "enable_display": false,
            "guest_accelerator": [],
            "hostname": "",
            "id": "projects/sonic-totem-383508/zones/us-central1-a/instances/kafka-kraft-3servers-v1-1",
            "instance_id": "8601746588423973921",
            "label_fingerprint": "ihDlG81tUYY=",
            "labels": {
              "ec-src": "vm_add-tf"
            },
            "machine_type": "n1-standard-1",
            "metadata": {
              "KAFKA_CLUSTER_ID": "7Uu4ZfOySeKnsA28hjECaQ",
              "NODE_ID": "1",
              "startup-script": "#!/bin/bash\n\n# Constants\nKAFKA_CLUSTER_ID=$(curl -H \"Metadata-Flavor: Google\" http://metadata.google.internal/computeMetadata/v1/instance/attributes/KAFKA_CLUSTER_ID)\nNODE_ID=$(curl -H \"Metadata-Flavor: Google\" http://metadata.google.internal/computeMetadata/v1/instance/attributes/NODE_ID)\nEXTERNAL_IP=$(curl -H \"Metadata-Flavor: Google\" http://metadata.google.internal/computeMetadata/v1/instance/network-interfaces/0/access-configs/0/external-ip)\n\nip_addresses=()\nfor i in {1..3}; do\n  address_name=\"kafka-controller-$i\"\n  region=\"us-central1\"\n  address=$(gcloud compute addresses describe \"$address_name\" --region=\"$region\" --format='get(address)')\n  ip_addresses+=(\"$address\")\ndone\n\nurls=()\nfor (( i=1; i\u003c=${#ip_addresses[@]}; i++ ))\ndo\n  url=\"${i}@${ip_addresses[$i-1]}:9093\"\n  urls+=(\"$url\")\ndone\n\nCONTROLLER_QUORUM_VOTERS=$(IFS=','; echo \"${urls[*]}\")\n\necho \"NODE_ID: $NODE_ID\"\necho \"KAFKA_CLUSTER_ID: $KAFKA_CLUSTER_ID\"\necho \"CONTROLLER_QUORUM_VOTERS: $CONTROLLER_QUORUM_VOTERS\"\necho \"EXTERNAL_IP: $EXTERNAL_IP\"\n\n\necho \"Installing java\"\n\nsudo rm -rf /var/lib/man-db/auto-update\nsudo apt-get -qq update\nsudo apt-get -qq install -y default-jdk\n\n\necho \"Downloading Kafka\"\n\ncd /opt\nsudo curl https://downloads.apache.org/kafka/3.4.0/kafka_2.13-3.4.0.tgz -o kafka.tgz\nsudo tar -xzf kafka.tgz\nsudo mv kafka_2.13-3.4.0/ kafka/\nsudo rm -rf kafka.tgz\ncd kafka\n\n\necho \"Configuring Kafka\"\n\nsudo mkdir /var/log/kafka\nsudo chown -R $USER:$USER /var/log/kafka\n\nsudo sed -i \"s|log.dirs=.*|log.dirs=/var/log/kafka|g\" config/kraft/server.properties\nsudo sed -i \"s|listeners=.*|listeners=PLAINTEXT://0.0.0.0:9092,CONTROLLER://0.0.0.0:9093|g\" config/kraft/server.properties\nsudo sed -i \"s|advertised.listeners=.*|advertised.listeners=PLAINTEXT://$EXTERNAL_IP:9092|g\" config/kraft/server.properties\nsudo sed -i \"s|node.id=.*|node.id=$NODE_ID|g\" config/kraft/server.properties\nsudo sed -i \"s|controller.quorum.voters=.*|controller.quorum.voters=$CONTROLLER_QUORUM_VOTERS|g\" config/kraft/server.properties\n\nsudo bin/kafka-storage.sh format -t $KAFKA_CLUSTER_ID -c config/kraft/server.properties\n\necho \"Finished configuring Kafka properties\"\n\n\n# Create systemd service file\ncat \u003c\u003c EOF | sudo tee /etc/systemd/system/kafka.service\n[Unit]\nDescription=Apache Kafka Server\nDocumentation=http://kafka.apache.org/documentation.html\nRequires=network.target remote-fs.target\nAfter=network.target remote-fs.target\n\n[Service]\nType=simple\nExecStart=/opt/kafka/bin/kafka-server-start.sh /opt/kafka/config/kraft/server.properties\nExecStop=/opt/kafka/bin/kafka-server-stop.sh\nRestart=on-abnormal\nUser=root\nGroup=root\n\n[Install]\nWantedBy=multi-user.target\nEOF\n\n# Reload systemd to recognize Kafka\nsudo systemctl daemon-reload\n# Start Kafka service\nsudo systemctl start kafka\n# Enable Kafka service to start on boot\nsudo systemctl enable kafka\n\necho \"Kafka server started\"\n"
            },
            "metadata_fingerprint": "mtHR7DoaK6I=",
            "metadata_startup_script": null,
            "min_cpu_platform": "",
            "name": "kafka-kraft-3servers-v1-1",
            "network_interface": [
              {
                "access_config": [
                  {
                    "nat_ip": "35.202.211.8",
                    "network_tier": "PREMIUM",
                    "public_ptr_domain_name": ""
                  }
                ],
                "alias_ip_range": [],
                "ipv6_access_config": [],
                "ipv6_access_type": "",
                "name": "nic0",
                "network": "https://www.googleapis.com/compute/v1/projects/sonic-totem-383508/global/networks/default",
                "network_ip": "10.128.15.223",
                "nic_type": "",
                "queue_count": 0,
                "stack_type": "IPV4_ONLY",
                "subnetwork": "https://www.googleapis.com/compute/v1/projects/sonic-totem-383508/regions/us-central1/subnetworks/default",
                "subnetwork_project": "sonic-totem-383508"
              }
            ],
            "project": "sonic-totem-383508",
            "reservation_affinity": [],
            "resource_policies": null,
            "scheduling": [
              {
                "automatic_restart": true,
                "instance_termination_action": "",
                "min_node_cpus": 0,
                "node_affinities": [],
                "on_host_maintenance": "MIGRATE",
                "preemptible": false,
                "provisioning_model": "STANDARD"
              }
            ],
            "scratch_disk": [],
            "self_link": "https://www.googleapis.com/compute/v1/projects/sonic-totem-383508/zones/us-central1-a/instances/kafka-kraft-3servers-v1-1",
            "service_account": [
              {
                "email": "976896726169-compute@developer.gserviceaccount.com",
                "scopes": [
                  "https://www.googleapis.com/auth/cloud-platform"
                ]
              }
            ],
            "shielded_instance_config": [
              {
                "enable_integrity_monitoring": true,
                "enable_secure_boot": false,
                "enable_vtpm": true
              }
            ],
            "tags": [
              "http-server",
              "https-server"
            ],
            "tags_fingerprint": "6smc4R4d39I=",
            "timeouts": null,
            "zone": "us-central1-a"
          },
          "sensitive_attributes": [],
          "private": "eyJlMmJmYjczMC1lY2FhLTExZTYtOGY4OC0zNDM2M2JjN2M0YzAiOnsiY3JlYXRlIjoxMjAwMDAwMDAwMDAwLCJkZWxldGUiOjEyMDAwMDAwMDAwMDAsInVwZGF0ZSI6MTIwMDAwMDAwMDAwMH0sInNjaGVtYV92ZXJzaW9uIjoiNiJ9",
          "dependencies": [
            "google_compute_address.kafka-controller"
          ]
        },
        {
          "index_key": 1,
          "schema_version": 6,
          "attributes": {
            "advanced_machine_features": [],
            "allow_stopping_for_update": null,
            "attached_disk": [],
            "boot_disk": [
              {
                "auto_delete": false,
                "device_name": "kafka-kraft-3servers-v1-2",
                "disk_encryption_key_raw": "",
                "disk_encryption_key_sha256": "",
                "initialize_params": [
                  {
                    "image": "https://www.googleapis.com/compute/v1/projects/debian-cloud/global/images/debian-11-bullseye-v20230509",
                    "labels": {},
                    "size": 10,
                    "type": "pd-balanced"
                  }
                ],
                "kms_key_self_link": "",
                "mode": "READ_WRITE",
                "source": "https://www.googleapis.com/compute/v1/projects/sonic-totem-383508/zones/us-central1-a/disks/kafka-kraft-3servers-v1-2"
              }
            ],
            "can_ip_forward": false,
            "confidential_instance_config": [],
            "cpu_platform": "Intel Haswell",
            "current_status": "RUNNING",
            "deletion_protection": false,
            "description": "",
            "desired_status": null,
            "enable_display": false,
            "guest_accelerator": [],
            "hostname": "",
            "id": "projects/sonic-totem-383508/zones/us-central1-a/instances/kafka-kraft-3servers-v1-2",
            "instance_id": "1572670229244308513",
            "label_fingerprint": "ihDlG81tUYY=",
            "labels": {
              "ec-src": "vm_add-tf"
            },
            "machine_type": "n1-standard-1",
            "metadata": {
              "KAFKA_CLUSTER_ID": "7Uu4ZfOySeKnsA28hjECaQ",
              "NODE_ID": "2",
              "startup-script": "#!/bin/bash\n\n# Constants\nKAFKA_CLUSTER_ID=$(curl -H \"Metadata-Flavor: Google\" http://metadata.google.internal/computeMetadata/v1/instance/attributes/KAFKA_CLUSTER_ID)\nNODE_ID=$(curl -H \"Metadata-Flavor: Google\" http://metadata.google.internal/computeMetadata/v1/instance/attributes/NODE_ID)\nEXTERNAL_IP=$(curl -H \"Metadata-Flavor: Google\" http://metadata.google.internal/computeMetadata/v1/instance/network-interfaces/0/access-configs/0/external-ip)\n\nip_addresses=()\nfor i in {1..3}; do\n  address_name=\"kafka-controller-$i\"\n  region=\"us-central1\"\n  address=$(gcloud compute addresses describe \"$address_name\" --region=\"$region\" --format='get(address)')\n  ip_addresses+=(\"$address\")\ndone\n\nurls=()\nfor (( i=1; i\u003c=${#ip_addresses[@]}; i++ ))\ndo\n  url=\"${i}@${ip_addresses[$i-1]}:9093\"\n  urls+=(\"$url\")\ndone\n\nCONTROLLER_QUORUM_VOTERS=$(IFS=','; echo \"${urls[*]}\")\n\necho \"NODE_ID: $NODE_ID\"\necho \"KAFKA_CLUSTER_ID: $KAFKA_CLUSTER_ID\"\necho \"CONTROLLER_QUORUM_VOTERS: $CONTROLLER_QUORUM_VOTERS\"\necho \"EXTERNAL_IP: $EXTERNAL_IP\"\n\n\necho \"Installing java\"\n\nsudo rm -rf /var/lib/man-db/auto-update\nsudo apt-get -qq update\nsudo apt-get -qq install -y default-jdk\n\n\necho \"Downloading Kafka\"\n\ncd /opt\nsudo curl https://downloads.apache.org/kafka/3.4.0/kafka_2.13-3.4.0.tgz -o kafka.tgz\nsudo tar -xzf kafka.tgz\nsudo mv kafka_2.13-3.4.0/ kafka/\nsudo rm -rf kafka.tgz\ncd kafka\n\n\necho \"Configuring Kafka\"\n\nsudo mkdir /var/log/kafka\nsudo chown -R $USER:$USER /var/log/kafka\n\nsudo sed -i \"s|log.dirs=.*|log.dirs=/var/log/kafka|g\" config/kraft/server.properties\nsudo sed -i \"s|listeners=.*|listeners=PLAINTEXT://0.0.0.0:9092,CONTROLLER://0.0.0.0:9093|g\" config/kraft/server.properties\nsudo sed -i \"s|advertised.listeners=.*|advertised.listeners=PLAINTEXT://$EXTERNAL_IP:9092|g\" config/kraft/server.properties\nsudo sed -i \"s|node.id=.*|node.id=$NODE_ID|g\" config/kraft/server.properties\nsudo sed -i \"s|controller.quorum.voters=.*|controller.quorum.voters=$CONTROLLER_QUORUM_VOTERS|g\" config/kraft/server.properties\n\nsudo bin/kafka-storage.sh format -t $KAFKA_CLUSTER_ID -c config/kraft/server.properties\n\necho \"Finished configuring Kafka properties\"\n\n\n# Create systemd service file\ncat \u003c\u003c EOF | sudo tee /etc/systemd/system/kafka.service\n[Unit]\nDescription=Apache Kafka Server\nDocumentation=http://kafka.apache.org/documentation.html\nRequires=network.target remote-fs.target\nAfter=network.target remote-fs.target\n\n[Service]\nType=simple\nExecStart=/opt/kafka/bin/kafka-server-start.sh /opt/kafka/config/kraft/server.properties\nExecStop=/opt/kafka/bin/kafka-server-stop.sh\nRestart=on-abnormal\nUser=root\nGroup=root\n\n[Install]\nWantedBy=multi-user.target\nEOF\n\n# Reload systemd to recognize Kafka\nsudo systemctl daemon-reload\n# Start Kafka service\nsudo systemctl start kafka\n# Enable Kafka service to start on boot\nsudo systemctl enable kafka\n\necho \"Kafka server started\"\n"
            },
            "metadata_fingerprint": "-0RnNr-Ja2U=",
            "metadata_startup_script": null,
            "min_cpu_platform": "",
            "name": "kafka-kraft-3servers-v1-2",
            "network_interface": [
              {
                "access_config": [
                  {
                    "nat_ip": "35.223.115.102",
                    "network_tier": "PREMIUM",
                    "public_ptr_domain_name": ""
                  }
                ],
                "alias_ip_range": [],
                "ipv6_access_config": [],
                "ipv6_access_type": "",
                "name": "nic0",
                "network": "https://www.googleapis.com/compute/v1/projects/sonic-totem-383508/global/networks/default",
                "network_ip": "10.128.15.224",
                "nic_type": "",
                "queue_count": 0,
                "stack_type": "IPV4_ONLY",
                "subnetwork": "https://www.googleapis.com/compute/v1/projects/sonic-totem-383508/regions/us-central1/subnetworks/default",
                "subnetwork_project": "sonic-totem-383508"
              }
            ],
            "project": "sonic-totem-383508",
            "reservation_affinity": [],
            "resource_policies": null,
            "scheduling": [
              {
                "automatic_restart": true,
                "instance_termination_action": "",
                "min_node_cpus": 0,
                "node_affinities": [],
                "on_host_maintenance": "MIGRATE",
                "preemptible": false,
                "provisioning_model": "STANDARD"
              }
            ],
            "scratch_disk": [],
            "self_link": "https://www.googleapis.com/compute/v1/projects/sonic-totem-383508/zones/us-central1-a/instances/kafka-kraft-3servers-v1-2",
            "service_account": [
              {
                "email": "976896726169-compute@developer.gserviceaccount.com",
                "scopes": [
                  "https://www.googleapis.com/auth/cloud-platform"
                ]
              }
            ],
            "shielded_instance_config": [
              {
                "enable_integrity_monitoring": true,
                "enable_secure_boot": false,
                "enable_vtpm": true
              }
            ],
            "tags": [
              "http-server",
              "https-server"
            ],
            "tags_fingerprint": "6smc4R4d39I=",
            "timeouts": null,
            "zone": "us-central1-a"
          },
          "sensitive_attributes": [],
          "private": "eyJlMmJmYjczMC1lY2FhLTExZTYtOGY4OC0zNDM2M2JjN2M0YzAiOnsiY3JlYXRlIjoxMjAwMDAwMDAwMDAwLCJkZWxldGUiOjEyMDAwMDAwMDAwMDAsInVwZGF0ZSI6MTIwMDAwMDAwMDAwMH0sInNjaGVtYV92ZXJzaW9uIjoiNiJ9",
          "dependencies": [
            "google_compute_address.kafka-controller"
          ]
        },
        {
          "index_key": 2,
          "schema_version": 6,
          "attributes": {
            "advanced_machine_features": [],
            "allow_stopping_for_update": null,
            "attached_disk": [],
            "boot_disk": [
              {
                "auto_delete": false,
                "device_name": "kafka-kraft-3servers-v1-3",
                "disk_encryption_key_raw": "",
                "disk_encryption_key_sha256": "",
                "initialize_params": [
                  {
                    "image": "https://www.googleapis.com/compute/v1/projects/debian-cloud/global/images/debian-11-bullseye-v20230509",
                    "labels": {},
                    "size": 10,
                    "type": "pd-balanced"
                  }
                ],
                "kms_key_self_link": "",
                "mode": "READ_WRITE",
                "source": "https://www.googleapis.com/compute/v1/projects/sonic-totem-383508/zones/us-central1-a/disks/kafka-kraft-3servers-v1-3"
              }
            ],
            "can_ip_forward": false,
            "confidential_instance_config": [],
            "cpu_platform": "Intel Haswell",
            "current_status": "RUNNING",
            "deletion_protection": false,
            "description": "",
            "desired_status": null,
            "enable_display": false,
            "guest_accelerator": [],
            "hostname": "",
            "id": "projects/sonic-totem-383508/zones/us-central1-a/instances/kafka-kraft-3servers-v1-3",
            "instance_id": "8995182596513098785",
            "label_fingerprint": "ihDlG81tUYY=",
            "labels": {
              "ec-src": "vm_add-tf"
            },
            "machine_type": "n1-standard-1",
            "metadata": {
              "KAFKA_CLUSTER_ID": "7Uu4ZfOySeKnsA28hjECaQ",
              "NODE_ID": "3",
              "startup-script": "#!/bin/bash\n\n# Constants\nKAFKA_CLUSTER_ID=$(curl -H \"Metadata-Flavor: Google\" http://metadata.google.internal/computeMetadata/v1/instance/attributes/KAFKA_CLUSTER_ID)\nNODE_ID=$(curl -H \"Metadata-Flavor: Google\" http://metadata.google.internal/computeMetadata/v1/instance/attributes/NODE_ID)\nEXTERNAL_IP=$(curl -H \"Metadata-Flavor: Google\" http://metadata.google.internal/computeMetadata/v1/instance/network-interfaces/0/access-configs/0/external-ip)\n\nip_addresses=()\nfor i in {1..3}; do\n  address_name=\"kafka-controller-$i\"\n  region=\"us-central1\"\n  address=$(gcloud compute addresses describe \"$address_name\" --region=\"$region\" --format='get(address)')\n  ip_addresses+=(\"$address\")\ndone\n\nurls=()\nfor (( i=1; i\u003c=${#ip_addresses[@]}; i++ ))\ndo\n  url=\"${i}@${ip_addresses[$i-1]}:9093\"\n  urls+=(\"$url\")\ndone\n\nCONTROLLER_QUORUM_VOTERS=$(IFS=','; echo \"${urls[*]}\")\n\necho \"NODE_ID: $NODE_ID\"\necho \"KAFKA_CLUSTER_ID: $KAFKA_CLUSTER_ID\"\necho \"CONTROLLER_QUORUM_VOTERS: $CONTROLLER_QUORUM_VOTERS\"\necho \"EXTERNAL_IP: $EXTERNAL_IP\"\n\n\necho \"Installing java\"\n\nsudo rm -rf /var/lib/man-db/auto-update\nsudo apt-get -qq update\nsudo apt-get -qq install -y default-jdk\n\n\necho \"Downloading Kafka\"\n\ncd /opt\nsudo curl https://downloads.apache.org/kafka/3.4.0/kafka_2.13-3.4.0.tgz -o kafka.tgz\nsudo tar -xzf kafka.tgz\nsudo mv kafka_2.13-3.4.0/ kafka/\nsudo rm -rf kafka.tgz\ncd kafka\n\n\necho \"Configuring Kafka\"\n\nsudo mkdir /var/log/kafka\nsudo chown -R $USER:$USER /var/log/kafka\n\nsudo sed -i \"s|log.dirs=.*|log.dirs=/var/log/kafka|g\" config/kraft/server.properties\nsudo sed -i \"s|listeners=.*|listeners=PLAINTEXT://0.0.0.0:9092,CONTROLLER://0.0.0.0:9093|g\" config/kraft/server.properties\nsudo sed -i \"s|advertised.listeners=.*|advertised.listeners=PLAINTEXT://$EXTERNAL_IP:9092|g\" config/kraft/server.properties\nsudo sed -i \"s|node.id=.*|node.id=$NODE_ID|g\" config/kraft/server.properties\nsudo sed -i \"s|controller.quorum.voters=.*|controller.quorum.voters=$CONTROLLER_QUORUM_VOTERS|g\" config/kraft/server.properties\n\nsudo bin/kafka-storage.sh format -t $KAFKA_CLUSTER_ID -c config/kraft/server.properties\n\necho \"Finished configuring Kafka properties\"\n\n\n# Create systemd service file\ncat \u003c\u003c EOF | sudo tee /etc/systemd/system/kafka.service\n[Unit]\nDescription=Apache Kafka Server\nDocumentation=http://kafka.apache.org/documentation.html\nRequires=network.target remote-fs.target\nAfter=network.target remote-fs.target\n\n[Service]\nType=simple\nExecStart=/opt/kafka/bin/kafka-server-start.sh /opt/kafka/config/kraft/server.properties\nExecStop=/opt/kafka/bin/kafka-server-stop.sh\nRestart=on-abnormal\nUser=root\nGroup=root\n\n[Install]\nWantedBy=multi-user.target\nEOF\n\n# Reload systemd to recognize Kafka\nsudo systemctl daemon-reload\n# Start Kafka service\nsudo systemctl start kafka\n# Enable Kafka service to start on boot\nsudo systemctl enable kafka\n\necho \"Kafka server started\"\n"
            },
            "metadata_fingerprint": "Y55SNnzWy0E=",
            "metadata_startup_script": null,
            "min_cpu_platform": "",
            "name": "kafka-kraft-3servers-v1-3",
            "network_interface": [
              {
                "access_config": [
                  {
                    "nat_ip": "34.27.173.141",
                    "network_tier": "PREMIUM",
                    "public_ptr_domain_name": ""
                  }
                ],
                "alias_ip_range": [],
                "ipv6_access_config": [],
                "ipv6_access_type": "",
                "name": "nic0",
                "network": "https://www.googleapis.com/compute/v1/projects/sonic-totem-383508/global/networks/default",
                "network_ip": "10.128.15.225",
                "nic_type": "",
                "queue_count": 0,
                "stack_type": "IPV4_ONLY",
                "subnetwork": "https://www.googleapis.com/compute/v1/projects/sonic-totem-383508/regions/us-central1/subnetworks/default",
                "subnetwork_project": "sonic-totem-383508"
              }
            ],
            "project": "sonic-totem-383508",
            "reservation_affinity": [],
            "resource_policies": null,
            "scheduling": [
              {
                "automatic_restart": true,
                "instance_termination_action": "",
                "min_node_cpus": 0,
                "node_affinities": [],
                "on_host_maintenance": "MIGRATE",
                "preemptible": false,
                "provisioning_model": "STANDARD"
              }
            ],
            "scratch_disk": [],
            "self_link": "https://www.googleapis.com/compute/v1/projects/sonic-totem-383508/zones/us-central1-a/instances/kafka-kraft-3servers-v1-3",
            "service_account": [
              {
                "email": "976896726169-compute@developer.gserviceaccount.com",
                "scopes": [
                  "https://www.googleapis.com/auth/cloud-platform"
                ]
              }
            ],
            "shielded_instance_config": [
              {
                "enable_integrity_monitoring": true,
                "enable_secure_boot": false,
                "enable_vtpm": true
              }
            ],
            "tags": [
              "http-server",
              "https-server"
            ],
            "tags_fingerprint": "6smc4R4d39I=",
            "timeouts": null,
            "zone": "us-central1-a"
          },
          "sensitive_attributes": [],
          "private": "eyJlMmJmYjczMC1lY2FhLTExZTYtOGY4OC0zNDM2M2JjN2M0YzAiOnsiY3JlYXRlIjoxMjAwMDAwMDAwMDAwLCJkZWxldGUiOjEyMDAwMDAwMDAwMDAsInVwZGF0ZSI6MTIwMDAwMDAwMDAwMH0sInNjaGVtYV92ZXJzaW9uIjoiNiJ9",
          "dependencies": [
            "google_compute_address.kafka-controller"
          ]
        }
      ]
    }
  ],
  "check_results": null
}
